
Microsoft Visual Studio Solution File, Format Version 12.00
# Visual Studio Version 17
VisualStudioVersion = 17.4.33213.308
MinimumVisualStudioVersion = 10.0.40219.1
Project("{FAE04EC0-301F-11D3-BF4B-00C04F79EFBC}") = "Renamer", "Renamer.csproj", "{C398FE13-6684-47FF-82F2-D74D125F710A}"
EndProject
Global
	GlobalSection(SolutionConfigurationPlatforms) = preSolution
		Debug|Any CPU = Debug|Any CPU
		Release|Any CPU = Release|Any CPU
	EndGlobalSection
	GlobalSection(ProjectConfigurationPlatforms) = postSolution
		{C398FE13-6684-47FF-82F2-D74D125F710A}.Debug|Any CPU.ActiveCfg = Debug|Any CPU
		{C398FE13-6684-47FF-82F2-D74D125F710A}.Debug|Any CPU.Build.0 = Debug|Any CPU
		{C398FE13-6684-47FF-82F2-D74D125F710A}.Release|Any CPU.ActiveCfg = Release|Any CPU
		{C398FE13-6684-47FF-82F2-D74D125F710A}.Release|Any CPU.Build.0 = Release|Any CPU
	EndGlobalSection
	GlobalSection(SolutionProperties) = preSolution
		HideSolutionNode = FALSE
	EndGlobalSection
	GlobalSection(ExtensibilityGlobals) = postSolution
		SolutionGuid = {EED90DC1-60B0-4587-8433-CD48A83222D1}
	EndGlobalSection
EndGlobal
